// !$*UTF8*$!
{
	archiveVersion = 1;
	classes = {
	};
	objectVersion = 46;
	objects = {

/* Begin PBXBuildFile section */
		0F47B01F1DE6191000D452D7 /* AppDelegate.swift in Sources */ = {isa = PBXBuildFile; fileRef = 0F47B01E1DE6191000D452D7 /* AppDelegate.swift */; };
		0F47B0211DE6191000D452D7 /* ViewController.swift in Sources */ = {isa = PBXBuildFile; fileRef = 0F47B0201DE6191000D452D7 /* ViewController.swift */; };
		0F47B0241DE6191000D452D7 /* Main.storyboard in Resources */ = {isa = PBXBuildFile; fileRef = 0F47B0221DE6191000D452D7 /* Main.storyboard */; };
		0F47B0261DE6191000D452D7 /* Assets.xcassets in Resources */ = {isa = PBXBuildFile; fileRef = 0F47B0251DE6191000D452D7 /* Assets.xcassets */; };
		0F47B0291DE6191000D452D7 /* LaunchScreen.storyboard in Resources */ = {isa = PBXBuildFile; fileRef = 0F47B0271DE6191000D452D7 /* LaunchScreen.storyboard */; };
		0F47B0341DE6191000D452D7 /* PhotoGalleryTests.swift in Sources */ = {isa = PBXBuildFile; fileRef = 0F47B0331DE6191000D452D7 /* PhotoGalleryTests.swift */; };
		0F47B03F1DE6191000D452D7 /* PhotoGalleryUITests.swift in Sources */ = {isa = PBXBuildFile; fileRef = 0F47B03E1DE6191000D452D7 /* PhotoGalleryUITests.swift */; };
		0F47B04E1DE61B4200D452D7 /* ListableViewModel.swift in Sources */ = {isa = PBXBuildFile; fileRef = 0F47B04D1DE61B4200D452D7 /* ListableViewModel.swift */; };
		0F47B0531DE61CBF00D452D7 /* PhotoGalleryListViewController.swift in Sources */ = {isa = PBXBuildFile; fileRef = 0F47B0511DE61CBF00D452D7 /* PhotoGalleryListViewController.swift */; };
		0F47B0541DE61CBF00D452D7 /* PhotoGalleryListViewController.xib in Resources */ = {isa = PBXBuildFile; fileRef = 0F47B0521DE61CBF00D452D7 /* PhotoGalleryListViewController.xib */; };
		0F47B0571DE6462400D452D7 /* CollectionViewExtension.swift in Sources */ = {isa = PBXBuildFile; fileRef = 0F47B0561DE6462400D452D7 /* CollectionViewExtension.swift */; };
		0F47B05A1DE6481A00D452D7 /* PhotoCollectionViewCell.swift in Sources */ = {isa = PBXBuildFile; fileRef = 0F47B0581DE6481A00D452D7 /* PhotoCollectionViewCell.swift */; };
		0F47B05B1DE6481A00D452D7 /* PhotoCollectionViewCell.xib in Resources */ = {isa = PBXBuildFile; fileRef = 0F47B0591DE6481A00D452D7 /* PhotoCollectionViewCell.xib */; };
		0F47B05D1DE64CD700D452D7 /* ViewModel.swift in Sources */ = {isa = PBXBuildFile; fileRef = 0F47B05C1DE64CD700D452D7 /* ViewModel.swift */; };
		0F47B05F1DE64D8300D452D7 /* PhotoGalleryListViewModel.swift in Sources */ = {isa = PBXBuildFile; fileRef = 0F47B05E1DE64D8300D452D7 /* PhotoGalleryListViewModel.swift */; };
		0F47B0611DE64E1200D452D7 /* PhotoCellViewModel.swift in Sources */ = {isa = PBXBuildFile; fileRef = 0F47B0601DE64E1200D452D7 /* PhotoCellViewModel.swift */; };
/* End PBXBuildFile section */

/* Begin PBXContainerItemProxy section */
		0F47B0301DE6191000D452D7 /* PBXContainerItemProxy */ = {
			isa = PBXContainerItemProxy;
			containerPortal = 0F47B0131DE6191000D452D7 /* Project object */;
			proxyType = 1;
			remoteGlobalIDString = 0F47B01A1DE6191000D452D7;
			remoteInfo = PhotoGallery;
		};
		0F47B03B1DE6191000D452D7 /* PBXContainerItemProxy */ = {
			isa = PBXContainerItemProxy;
			containerPortal = 0F47B0131DE6191000D452D7 /* Project object */;
			proxyType = 1;
			remoteGlobalIDString = 0F47B01A1DE6191000D452D7;
			remoteInfo = PhotoGallery;
		};
/* End PBXContainerItemProxy section */

/* Begin PBXFileReference section */
		0F47B01B1DE6191000D452D7 /* PhotoGallery.app */ = {isa = PBXFileReference; explicitFileType = wrapper.application; includeInIndex = 0; path = PhotoGallery.app; sourceTree = BUILT_PRODUCTS_DIR; };
		0F47B01E1DE6191000D452D7 /* AppDelegate.swift */ = {isa = PBXFileReference; lastKnownFileType = sourcecode.swift; path = AppDelegate.swift; sourceTree = "<group>"; };
		0F47B0201DE6191000D452D7 /* ViewController.swift */ = {isa = PBXFileReference; lastKnownFileType = sourcecode.swift; path = ViewController.swift; sourceTree = "<group>"; };
		0F47B0231DE6191000D452D7 /* Base */ = {isa = PBXFileReference; lastKnownFileType = file.storyboard; name = Base; path = Base.lproj/Main.storyboard; sourceTree = "<group>"; };
		0F47B0251DE6191000D452D7 /* Assets.xcassets */ = {isa = PBXFileReference; lastKnownFileType = folder.assetcatalog; path = Assets.xcassets; sourceTree = "<group>"; };
		0F47B0281DE6191000D452D7 /* Base */ = {isa = PBXFileReference; lastKnownFileType = file.storyboard; name = Base; path = Base.lproj/LaunchScreen.storyboard; sourceTree = "<group>"; };
		0F47B02A1DE6191000D452D7 /* Info.plist */ = {isa = PBXFileReference; lastKnownFileType = text.plist.xml; path = Info.plist; sourceTree = "<group>"; };
		0F47B02F1DE6191000D452D7 /* PhotoGalleryTests.xctest */ = {isa = PBXFileReference; explicitFileType = wrapper.cfbundle; includeInIndex = 0; path = PhotoGalleryTests.xctest; sourceTree = BUILT_PRODUCTS_DIR; };
		0F47B0331DE6191000D452D7 /* PhotoGalleryTests.swift */ = {isa = PBXFileReference; lastKnownFileType = sourcecode.swift; path = PhotoGalleryTests.swift; sourceTree = "<group>"; };
		0F47B0351DE6191000D452D7 /* Info.plist */ = {isa = PBXFileReference; lastKnownFileType = text.plist.xml; path = Info.plist; sourceTree = "<group>"; };
		0F47B03A1DE6191000D452D7 /* PhotoGalleryUITests.xctest */ = {isa = PBXFileReference; explicitFileType = wrapper.cfbundle; includeInIndex = 0; path = PhotoGalleryUITests.xctest; sourceTree = BUILT_PRODUCTS_DIR; };
		0F47B03E1DE6191000D452D7 /* PhotoGalleryUITests.swift */ = {isa = PBXFileReference; lastKnownFileType = sourcecode.swift; path = PhotoGalleryUITests.swift; sourceTree = "<group>"; };
		0F47B0401DE6191000D452D7 /* Info.plist */ = {isa = PBXFileReference; lastKnownFileType = text.plist.xml; path = Info.plist; sourceTree = "<group>"; };
		0F47B04D1DE61B4200D452D7 /* ListableViewModel.swift */ = {isa = PBXFileReference; fileEncoding = 4; lastKnownFileType = sourcecode.swift; path = ListableViewModel.swift; sourceTree = "<group>"; };
		0F47B0511DE61CBF00D452D7 /* PhotoGalleryListViewController.swift */ = {isa = PBXFileReference; fileEncoding = 4; lastKnownFileType = sourcecode.swift; path = PhotoGalleryListViewController.swift; sourceTree = "<group>"; };
		0F47B0521DE61CBF00D452D7 /* PhotoGalleryListViewController.xib */ = {isa = PBXFileReference; fileEncoding = 4; lastKnownFileType = file.xib; path = PhotoGalleryListViewController.xib; sourceTree = "<group>"; };
		0F47B0561DE6462400D452D7 /* CollectionViewExtension.swift */ = {isa = PBXFileReference; fileEncoding = 4; lastKnownFileType = sourcecode.swift; path = CollectionViewExtension.swift; sourceTree = "<group>"; };
		0F47B0581DE6481A00D452D7 /* PhotoCollectionViewCell.swift */ = {isa = PBXFileReference; fileEncoding = 4; lastKnownFileType = sourcecode.swift; path = PhotoCollectionViewCell.swift; sourceTree = "<group>"; };
		0F47B0591DE6481A00D452D7 /* PhotoCollectionViewCell.xib */ = {isa = PBXFileReference; fileEncoding = 4; lastKnownFileType = file.xib; path = PhotoCollectionViewCell.xib; sourceTree = "<group>"; };
		0F47B05C1DE64CD700D452D7 /* ViewModel.swift */ = {isa = PBXFileReference; fileEncoding = 4; lastKnownFileType = sourcecode.swift; path = ViewModel.swift; sourceTree = "<group>"; };
		0F47B05E1DE64D8300D452D7 /* PhotoGalleryListViewModel.swift */ = {isa = PBXFileReference; fileEncoding = 4; lastKnownFileType = sourcecode.swift; path = PhotoGalleryListViewModel.swift; sourceTree = "<group>"; };
		0F47B0601DE64E1200D452D7 /* PhotoCellViewModel.swift */ = {isa = PBXFileReference; fileEncoding = 4; lastKnownFileType = sourcecode.swift; path = PhotoCellViewModel.swift; sourceTree = "<group>"; };
/* End PBXFileReference section */

/* Begin PBXFrameworksBuildPhase section */
		0F47B0181DE6191000D452D7 /* Frameworks */ = {
			isa = PBXFrameworksBuildPhase;
			buildActionMask = 2147483647;
			files = (
			);
			runOnlyForDeploymentPostprocessing = 0;
		};
		0F47B02C1DE6191000D452D7 /* Frameworks */ = {
			isa = PBXFrameworksBuildPhase;
			buildActionMask = 2147483647;
			files = (
			);
			runOnlyForDeploymentPostprocessing = 0;
		};
		0F47B0371DE6191000D452D7 /* Frameworks */ = {
			isa = PBXFrameworksBuildPhase;
			buildActionMask = 2147483647;
			files = (
			);
			runOnlyForDeploymentPostprocessing = 0;
		};
/* End PBXFrameworksBuildPhase section */

/* Begin PBXGroup section */
		0F47B0121DE6191000D452D7 = {
			isa = PBXGroup;
			children = (
				0F47B01D1DE6191000D452D7 /* PhotoGallery */,
				0F47B0321DE6191000D452D7 /* PhotoGalleryTests */,
				0F47B03D1DE6191000D452D7 /* PhotoGalleryUITests */,
				0F47B01C1DE6191000D452D7 /* Products */,
			);
			sourceTree = "<group>";
		};
		0F47B01C1DE6191000D452D7 /* Products */ = {
			isa = PBXGroup;
			children = (
				0F47B01B1DE6191000D452D7 /* PhotoGallery.app */,
				0F47B02F1DE6191000D452D7 /* PhotoGalleryTests.xctest */,
				0F47B03A1DE6191000D452D7 /* PhotoGalleryUITests.xctest */,
			);
			name = Products;
			sourceTree = "<group>";
		};
		0F47B01D1DE6191000D452D7 /* PhotoGallery */ = {
			isa = PBXGroup;
			children = (
				0F47B04C1DE619B000D452D7 /* PhotoGallery */,
				0F47B01E1DE6191000D452D7 /* AppDelegate.swift */,
				0F47B0201DE6191000D452D7 /* ViewController.swift */,
				0F47B0221DE6191000D452D7 /* Main.storyboard */,
				0F47B0251DE6191000D452D7 /* Assets.xcassets */,
				0F47B0271DE6191000D452D7 /* LaunchScreen.storyboard */,
				0F47B02A1DE6191000D452D7 /* Info.plist */,
				0F47B0601DE64E1200D452D7 /* PhotoCellViewModel.swift */,
			);
			path = PhotoGallery;
			sourceTree = "<group>";
		};
		0F47B0321DE6191000D452D7 /* PhotoGalleryTests */ = {
			isa = PBXGroup;
			children = (
				0F47B0331DE6191000D452D7 /* PhotoGalleryTests.swift */,
				0F47B0351DE6191000D452D7 /* Info.plist */,
			);
			path = PhotoGalleryTests;
			sourceTree = "<group>";
		};
		0F47B03D1DE6191000D452D7 /* PhotoGalleryUITests */ = {
			isa = PBXGroup;
			children = (
				0F47B03E1DE6191000D452D7 /* PhotoGalleryUITests.swift */,
				0F47B0401DE6191000D452D7 /* Info.plist */,
			);
			path = PhotoGalleryUITests;
			sourceTree = "<group>";
		};
		0F47B04C1DE619B000D452D7 /* PhotoGallery */ = {
			isa = PBXGroup;
			children = (
				0F47B04D1DE61B4200D452D7 /* ListableViewModel.swift */,
				0F47B0511DE61CBF00D452D7 /* PhotoGalleryListViewController.swift */,
				0F47B0521DE61CBF00D452D7 /* PhotoGalleryListViewController.xib */,
				0F47B0561DE6462400D452D7 /* CollectionViewExtension.swift */,
				0F47B0581DE6481A00D452D7 /* PhotoCollectionViewCell.swift */,
				0F47B0591DE6481A00D452D7 /* PhotoCollectionViewCell.xib */,
				0F47B05C1DE64CD700D452D7 /* ViewModel.swift */,
				0F47B05E1DE64D8300D452D7 /* PhotoGalleryListViewModel.swift */,
			);
			path = PhotoGallery;
			sourceTree = "<group>";
		};
/* End PBXGroup section */

/* Begin PBXNativeTarget section */
		0F47B01A1DE6191000D452D7 /* PhotoGallery */ = {
			isa = PBXNativeTarget;
			buildConfigurationList = 0F47B0431DE6191000D452D7 /* Build configuration list for PBXNativeTarget "PhotoGallery" */;
			buildPhases = (
				0F47B0171DE6191000D452D7 /* Sources */,
				0F47B0181DE6191000D452D7 /* Frameworks */,
				0F47B0191DE6191000D452D7 /* Resources */,
			);
			buildRules = (
			);
			dependencies = (
			);
			name = PhotoGallery;
			productName = PhotoGallery;
			productReference = 0F47B01B1DE6191000D452D7 /* PhotoGallery.app */;
			productType = "com.apple.product-type.application";
		};
		0F47B02E1DE6191000D452D7 /* PhotoGalleryTests */ = {
			isa = PBXNativeTarget;
			buildConfigurationList = 0F47B0461DE6191000D452D7 /* Build configuration list for PBXNativeTarget "PhotoGalleryTests" */;
			buildPhases = (
				0F47B02B1DE6191000D452D7 /* Sources */,
				0F47B02C1DE6191000D452D7 /* Frameworks */,
				0F47B02D1DE6191000D452D7 /* Resources */,
			);
			buildRules = (
			);
			dependencies = (
				0F47B0311DE6191000D452D7 /* PBXTargetDependency */,
			);
			name = PhotoGalleryTests;
			productName = PhotoGalleryTests;
			productReference = 0F47B02F1DE6191000D452D7 /* PhotoGalleryTests.xctest */;
			productType = "com.apple.product-type.bundle.unit-test";
		};
		0F47B0391DE6191000D452D7 /* PhotoGalleryUITests */ = {
			isa = PBXNativeTarget;
			buildConfigurationList = 0F47B0491DE6191000D452D7 /* Build configuration list for PBXNativeTarget "PhotoGalleryUITests" */;
			buildPhases = (
				0F47B0361DE6191000D452D7 /* Sources */,
				0F47B0371DE6191000D452D7 /* Frameworks */,
				0F47B0381DE6191000D452D7 /* Resources */,
			);
			buildRules = (
			);
			dependencies = (
				0F47B03C1DE6191000D452D7 /* PBXTargetDependency */,
			);
			name = PhotoGalleryUITests;
			productName = PhotoGalleryUITests;
			productReference = 0F47B03A1DE6191000D452D7 /* PhotoGalleryUITests.xctest */;
			productType = "com.apple.product-type.bundle.ui-testing";
		};
/* End PBXNativeTarget section */

/* Begin PBXProject section */
		0F47B0131DE6191000D452D7 /* Project object */ = {
			isa = PBXProject;
			attributes = {
				LastSwiftUpdateCheck = 0810;
				LastUpgradeCheck = 0810;
				ORGANIZATIONNAME = minube;
				TargetAttributes = {
					0F47B01A1DE6191000D452D7 = {
						CreatedOnToolsVersion = 8.1;
						DevelopmentTeam = CEZH3Q8957;
						ProvisioningStyle = Automatic;
					};
					0F47B02E1DE6191000D452D7 = {
						CreatedOnToolsVersion = 8.1;
						DevelopmentTeam = CEZH3Q8957;
						ProvisioningStyle = Automatic;
						TestTargetID = 0F47B01A1DE6191000D452D7;
					};
					0F47B0391DE6191000D452D7 = {
						CreatedOnToolsVersion = 8.1;
						DevelopmentTeam = CEZH3Q8957;
						ProvisioningStyle = Automatic;
						TestTargetID = 0F47B01A1DE6191000D452D7;
					};
				};
			};
			buildConfigurationList = 0F47B0161DE6191000D452D7 /* Build configuration list for PBXProject "PhotoGallery" */;
			compatibilityVersion = "Xcode 3.2";
			developmentRegion = English;
			hasScannedForEncodings = 0;
			knownRegions = (
				en,
				Base,
			);
			mainGroup = 0F47B0121DE6191000D452D7;
			productRefGroup = 0F47B01C1DE6191000D452D7 /* Products */;
			projectDirPath = "";
			projectRoot = "";
			targets = (
				0F47B01A1DE6191000D452D7 /* PhotoGallery */,
				0F47B02E1DE6191000D452D7 /* PhotoGalleryTests */,
				0F47B0391DE6191000D452D7 /* PhotoGalleryUITests */,
			);
		};
/* End PBXProject section */

/* Begin PBXResourcesBuildPhase section */
		0F47B0191DE6191000D452D7 /* Resources */ = {
			isa = PBXResourcesBuildPhase;
			buildActionMask = 2147483647;
			files = (
				0F47B0541DE61CBF00D452D7 /* PhotoGalleryListViewController.xib in Resources */,
				0F47B05B1DE6481A00D452D7 /* PhotoCollectionViewCell.xib in Resources */,
				0F47B0291DE6191000D452D7 /* LaunchScreen.storyboard in Resources */,
				0F47B0261DE6191000D452D7 /* Assets.xcassets in Resources */,
				0F47B0241DE6191000D452D7 /* Main.storyboard in Resources */,
			);
			runOnlyForDeploymentPostprocessing = 0;
		};
		0F47B02D1DE6191000D452D7 /* Resources */ = {
			isa = PBXResourcesBuildPhase;
			buildActionMask = 2147483647;
			files = (
			);
			runOnlyForDeploymentPostprocessing = 0;
		};
		0F47B0381DE6191000D452D7 /* Resources */ = {
			isa = PBXResourcesBuildPhase;
			buildActionMask = 2147483647;
			files = (
			);
			runOnlyForDeploymentPostprocessing = 0;
		};
/* End PBXResourcesBuildPhase section */

/* Begin PBXSourcesBuildPhase section */
		0F47B0171DE6191000D452D7 /* Sources */ = {
			isa = PBXSourcesBuildPhase;
			buildActionMask = 2147483647;
			files = (
				0F47B0611DE64E1200D452D7 /* PhotoCellViewModel.swift in Sources */,
				0F47B0531DE61CBF00D452D7 /* PhotoGalleryListViewController.swift in Sources */,
				0F47B04E1DE61B4200D452D7 /* ListableViewModel.swift in Sources */,
				0F47B0211DE6191000D452D7 /* ViewController.swift in Sources */,
				0F47B0571DE6462400D452D7 /* CollectionViewExtension.swift in Sources */,
				0F47B05F1DE64D8300D452D7 /* PhotoGalleryListViewModel.swift in Sources */,
				0F47B01F1DE6191000D452D7 /* AppDelegate.swift in Sources */,
				0F47B05A1DE6481A00D452D7 /* PhotoCollectionViewCell.swift in Sources */,
				0F47B05D1DE64CD700D452D7 /* ViewModel.swift in Sources */,
			);
			runOnlyForDeploymentPostprocessing = 0;
		};
		0F47B02B1DE6191000D452D7 /* Sources */ = {
			isa = PBXSourcesBuildPhase;
			buildActionMask = 2147483647;
			files = (
				0F47B0341DE6191000D452D7 /* PhotoGalleryTests.swift in Sources */,
			);
			runOnlyForDeploymentPostprocessing = 0;
		};
		0F47B0361DE6191000D452D7 /* Sources */ = {
			isa = PBXSourcesBuildPhase;
			buildActionMask = 2147483647;
			files = (
				0F47B03F1DE6191000D452D7 /* PhotoGalleryUITests.swift in Sources */,
			);
			runOnlyForDeploymentPostprocessing = 0;
		};
/* End PBXSourcesBuildPhase section */

/* Begin PBXTargetDependency section */
		0F47B0311DE6191000D452D7 /* PBXTargetDependency */ = {
			isa = PBXTargetDependency;
			target = 0F47B01A1DE6191000D452D7 /* PhotoGallery */;
			targetProxy = 0F47B0301DE6191000D452D7 /* PBXContainerItemProxy */;
		};
		0F47B03C1DE6191000D452D7 /* PBXTargetDependency */ = {
			isa = PBXTargetDependency;
			target = 0F47B01A1DE6191000D452D7 /* PhotoGallery */;
			targetProxy = 0F47B03B1DE6191000D452D7 /* PBXContainerItemProxy */;
		};
/* End PBXTargetDependency section */

/* Begin PBXVariantGroup section */
		0F47B0221DE6191000D452D7 /* Main.storyboard */ = {
			isa = PBXVariantGroup;
			children = (
				0F47B0231DE6191000D452D7 /* Base */,
			);
			name = Main.storyboard;
			sourceTree = "<group>";
		};
		0F47B0271DE6191000D452D7 /* LaunchScreen.storyboard */ = {
			isa = PBXVariantGroup;
			children = (
				0F47B0281DE6191000D452D7 /* Base */,
			);
			name = LaunchScreen.storyboard;
			sourceTree = "<group>";
		};
/* End PBXVariantGroup section */

/* Begin XCBuildConfiguration section */
		0F47B0411DE6191000D452D7 /* Debug */ = {
			isa = XCBuildConfiguration;
			buildSettings = {
				ALWAYS_SEARCH_USER_PATHS = NO;
				CLANG_ANALYZER_NONNULL = YES;
				CLANG_CXX_LANGUAGE_STANDARD = "gnu++0x";
				CLANG_CXX_LIBRARY = "libc++";
				CLANG_ENABLE_MODULES = YES;
				CLANG_ENABLE_OBJC_ARC = YES;
				CLANG_WARN_BOOL_CONVERSION = YES;
				CLANG_WARN_CONSTANT_CONVERSION = YES;
				CLANG_WARN_DIRECT_OBJC_ISA_USAGE = YES_ERROR;
				CLANG_WARN_DOCUMENTATION_COMMENTS = YES;
				CLANG_WARN_EMPTY_BODY = YES;
				CLANG_WARN_ENUM_CONVERSION = YES;
				CLANG_WARN_INFINITE_RECURSION = YES;
				CLANG_WARN_INT_CONVERSION = YES;
				CLANG_WARN_OBJC_ROOT_CLASS = YES_ERROR;
				CLANG_WARN_SUSPICIOUS_MOVES = YES;
				CLANG_WARN_UNREACHABLE_CODE = YES;
				CLANG_WARN__DUPLICATE_METHOD_MATCH = YES;
				"CODE_SIGN_IDENTITY[sdk=iphoneos*]" = "iPhone Developer";
				COPY_PHASE_STRIP = NO;
				DEBUG_INFORMATION_FORMAT = dwarf;
				ENABLE_STRICT_OBJC_MSGSEND = YES;
				ENABLE_TESTABILITY = YES;
				GCC_C_LANGUAGE_STANDARD = gnu99;
				GCC_DYNAMIC_NO_PIC = NO;
				GCC_NO_COMMON_BLOCKS = YES;
				GCC_OPTIMIZATION_LEVEL = 0;
				GCC_PREPROCESSOR_DEFINITIONS = (
					"DEBUG=1",
					"$(inherited)",
				);
				GCC_WARN_64_TO_32_BIT_CONVERSION = YES;
				GCC_WARN_ABOUT_RETURN_TYPE = YES_ERROR;
				GCC_WARN_UNDECLARED_SELECTOR = YES;
				GCC_WARN_UNINITIALIZED_AUTOS = YES_AGGRESSIVE;
				GCC_WARN_UNUSED_FUNCTION = YES;
				GCC_WARN_UNUSED_VARIABLE = YES;
				IPHONEOS_DEPLOYMENT_TARGET = 10.1;
				MTL_ENABLE_DEBUG_INFO = YES;
				ONLY_ACTIVE_ARCH = YES;
				SDKROOT = iphoneos;
				SWIFT_ACTIVE_COMPILATION_CONDITIONS = DEBUG;
				SWIFT_OPTIMIZATION_LEVEL = "-Onone";
			};
			name = Debug;
		};
		0F47B0421DE6191000D452D7 /* Release */ = {
			isa = XCBuildConfiguration;
			buildSettings = {
				ALWAYS_SEARCH_USER_PATHS = NO;
				CLANG_ANALYZER_NONNULL = YES;
				CLANG_CXX_LANGUAGE_STANDARD = "gnu++0x";
				CLANG_CXX_LIBRARY = "libc++";
				CLANG_ENABLE_MODULES = YES;
				CLANG_ENABLE_OBJC_ARC = YES;
				CLANG_WARN_BOOL_CONVERSION = YES;
				CLANG_WARN_CONSTANT_CONVERSION = YES;
				CLANG_WARN_DIRECT_OBJC_ISA_USAGE = YES_ERROR;
				CLANG_WARN_DOCUMENTATION_COMMENTS = YES;
				CLANG_WARN_EMPTY_BODY = YES;
				CLANG_WARN_ENUM_CONVERSION = YES;
				CLANG_WARN_INFINITE_RECURSION = YES;
				CLANG_WARN_INT_CONVERSION = YES;
				CLANG_WARN_OBJC_ROOT_CLASS = YES_ERROR;
				CLANG_WARN_SUSPICIOUS_MOVES = YES;
				CLANG_WARN_UNREACHABLE_CODE = YES;
				CLANG_WARN__DUPLICATE_METHOD_MATCH = YES;
				"CODE_SIGN_IDENTITY[sdk=iphoneos*]" = "iPhone Developer";
				COPY_PHASE_STRIP = NO;
				DEBUG_INFORMATION_FORMAT = "dwarf-with-dsym";
				ENABLE_NS_ASSERTIONS = NO;
				ENABLE_STRICT_OBJC_MSGSEND = YES;
				GCC_C_LANGUAGE_STANDARD = gnu99;
				GCC_NO_COMMON_BLOCKS = YES;
				GCC_WARN_64_TO_32_BIT_CONVERSION = YES;
				GCC_WARN_ABOUT_RETURN_TYPE = YES_ERROR;
				GCC_WARN_UNDECLARED_SELECTOR = YES;
				GCC_WARN_UNINITIALIZED_AUTOS = YES_AGGRESSIVE;
				GCC_WARN_UNUSED_FUNCTION = YES;
				GCC_WARN_UNUSED_VARIABLE = YES;
				IPHONEOS_DEPLOYMENT_TARGET = 10.1;
				MTL_ENABLE_DEBUG_INFO = NO;
				SDKROOT = iphoneos;
				SWIFT_OPTIMIZATION_LEVEL = "-Owholemodule";
				VALIDATE_PRODUCT = YES;
			};
			name = Release;
		};
		0F47B0441DE6191000D452D7 /* Debug */ = {
			isa = XCBuildConfiguration;
			buildSettings = {
				ASSETCATALOG_COMPILER_APPICON_NAME = AppIcon;
				DEVELOPMENT_TEAM = CEZH3Q8957;
				INFOPLIST_FILE = PhotoGallery/Info.plist;
				LD_RUNPATH_SEARCH_PATHS = "$(inherited) @executable_path/Frameworks";
				PRODUCT_BUNDLE_IDENTIFIER = com.minube.PhotoGallery;
				PRODUCT_NAME = "$(TARGET_NAME)";
				SWIFT_VERSION = 3.0;
			};
			name = Debug;
		};
		0F47B0451DE6191000D452D7 /* Release */ = {
			isa = XCBuildConfiguration;
			buildSettings = {
				ASSETCATALOG_COMPILER_APPICON_NAME = AppIcon;
				DEVELOPMENT_TEAM = CEZH3Q8957;
				INFOPLIST_FILE = PhotoGallery/Info.plist;
				LD_RUNPATH_SEARCH_PATHS = "$(inherited) @executable_path/Frameworks";
				PRODUCT_BUNDLE_IDENTIFIER = com.minube.PhotoGallery;
				PRODUCT_NAME = "$(TARGET_NAME)";
				SWIFT_VERSION = 3.0;
			};
			name = Release;
		};
		0F47B0471DE6191000D452D7 /* Debug */ = {
			isa = XCBuildConfiguration;
			buildSettings = {
				ALWAYS_EMBED_SWIFT_STANDARD_LIBRARIES = YES;
				BUNDLE_LOADER = "$(TEST_HOST)";
				DEVELOPMENT_TEAM = CEZH3Q8957;
				INFOPLIST_FILE = PhotoGalleryTests/Info.plist;
				LD_RUNPATH_SEARCH_PATHS = "$(inherited) @executable_path/Frameworks @loader_path/Frameworks";
				PRODUCT_BUNDLE_IDENTIFIER = com.minube.PhotoGalleryTests;
				PRODUCT_NAME = "$(TARGET_NAME)";
				SWIFT_VERSION = 3.0;
				TEST_HOST = "$(BUILT_PRODUCTS_DIR)/PhotoGallery.app/PhotoGallery";
			};
			name = Debug;
		};
		0F47B0481DE6191000D452D7 /* Release */ = {
			isa = XCBuildConfiguration;
			buildSettings = {
				ALWAYS_EMBED_SWIFT_STANDARD_LIBRARIES = YES;
				BUNDLE_LOADER = "$(TEST_HOST)";
				DEVELOPMENT_TEAM = CEZH3Q8957;
				INFOPLIST_FILE = PhotoGalleryTests/Info.plist;
				LD_RUNPATH_SEARCH_PATHS = "$(inherited) @executable_path/Frameworks @loader_path/Frameworks";
				PRODUCT_BUNDLE_IDENTIFIER = com.minube.PhotoGalleryTests;
				PRODUCT_NAME = "$(TARGET_NAME)";
				SWIFT_VERSION = 3.0;
				TEST_HOST = "$(BUILT_PRODUCTS_DIR)/PhotoGallery.app/PhotoGallery";
			};
			name = Release;
		};
		0F47B04A1DE6191000D452D7 /* Debug */ = {
			isa = XCBuildConfiguration;
			buildSettings = {
				ALWAYS_EMBED_SWIFT_STANDARD_LIBRARIES = YES;
				DEVELOPMENT_TEAM = CEZH3Q8957;
				INFOPLIST_FILE = PhotoGalleryUITests/Info.plist;
				LD_RUNPATH_SEARCH_PATHS = "$(inherited) @executable_path/Frameworks @loader_path/Frameworks";
				PRODUCT_BUNDLE_IDENTIFIER = com.minube.PhotoGalleryUITests;
				PRODUCT_NAME = "$(TARGET_NAME)";
				SWIFT_VERSION = 3.0;
				TEST_TARGET_NAME = PhotoGallery;
			};
			name = Debug;
		};
		0F47B04B1DE6191000D452D7 /* Release */ = {
			isa = XCBuildConfiguration;
			buildSettings = {
				ALWAYS_EMBED_SWIFT_STANDARD_LIBRARIES = YES;
				DEVELOPMENT_TEAM = CEZH3Q8957;
				INFOPLIST_FILE = PhotoGalleryUITests/Info.plist;
				LD_RUNPATH_SEARCH_PATHS = "$(inherited) @executable_path/Frameworks @loader_path/Frameworks";
				PRODUCT_BUNDLE_IDENTIFIER = com.minube.PhotoGalleryUITests;
				PRODUCT_NAME = "$(TARGET_NAME)";
				SWIFT_VERSION = 3.0;
				TEST_TARGET_NAME = PhotoGallery;
			};
			name = Release;
		};
/* End XCBuildConfiguration section */

/* Begin XCConfigurationList section */
		0F47B0161DE6191000D452D7 /* Build configuration list for PBXProject "PhotoGallery" */ = {
			isa = XCConfigurationList;
			buildConfigurations = (
				0F47B0411DE6191000D452D7 /* Debug */,
				0F47B0421DE6191000D452D7 /* Release */,
			);
			defaultConfigurationIsVisible = 0;
			defaultConfigurationName = Release;
		};
		0F47B0431DE6191000D452D7 /* Build configuration list for PBXNativeTarget "PhotoGallery" */ = {
			isa = XCConfigurationList;
			buildConfigurations = (
				0F47B0441DE6191000D452D7 /* Debug */,
				0F47B0451DE6191000D452D7 /* Release */,
			);
			defaultConfigurationIsVisible = 0;
			defaultConfigurationName = Release;
		};
		0F47B0461DE6191000D452D7 /* Build configuration list for PBXNativeTarget "PhotoGalleryTests" */ = {
			isa = XCConfigurationList;
			buildConfigurations = (
				0F47B0471DE6191000D452D7 /* Debug */,
				0F47B0481DE6191000D452D7 /* Release */,
			);
			defaultConfigurationIsVisible = 0;
			defaultConfigurationName = Release;
		};
		0F47B0491DE6191000D452D7 /* Build configuration list for PBXNativeTarget "PhotoGalleryUITests" */ = {
			isa = XCConfigurationList;
			buildConfigurations = (
				0F47B04A1DE6191000D452D7 /* Debug */,
				0F47B04B1DE6191000D452D7 /* Release */,
			);
			defaultConfigurationIsVisible = 0;
			defaultConfigurationName = Release;
		};
/* End XCConfigurationList section */
	};
	rootObject = 0F47B0131DE6191000D452D7 /* Project object */;
}
